// !$*UTF8*$!
{
	archiveVersion = 1;
	classes = {
	};
	objectVersion = 46;
	objects = {

/* Begin PBXBuildFile section */
		F55803271BF2DEBB00C51596 /* main.m in Sources */ = {isa = PBXBuildFile; fileRef = F55803261BF2DEBB00C51596 /* main.m */; };
		F558032A1BF2DEBB00C51596 /* AppDelegate.m in Sources */ = {isa = PBXBuildFile; fileRef = F55803291BF2DEBB00C51596 /* AppDelegate.m */; };
		F558032D1BF2DEBB00C51596 /* ViewController.m in Sources */ = {isa = PBXBuildFile; fileRef = F558032C1BF2DEBB00C51596 /* ViewController.m */; };
		F55803301BF2DEBC00C51596 /* Main.storyboard in Resources */ = {isa = PBXBuildFile; fileRef = F558032E1BF2DEBC00C51596 /* Main.storyboard */; };
		F55803321BF2DEBC00C51596 /* Assets.xcassets in Resources */ = {isa = PBXBuildFile; fileRef = F55803311BF2DEBC00C51596 /* Assets.xcassets */; };
		F55803351BF2DEBC00C51596 /* LaunchScreen.storyboard in Resources */ = {isa = PBXBuildFile; fileRef = F55803331BF2DEBC00C51596 /* LaunchScreen.storyboard */; };
		F55803401BF2DEBC00C51596 /* MeetMeUpTests.m in Sources */ = {isa = PBXBuildFile; fileRef = F558033F1BF2DEBC00C51596 /* MeetMeUpTests.m */; };
		F558034B1BF2DEBC00C51596 /* MeetMeUpUITests.m in Sources */ = {isa = PBXBuildFile; fileRef = F558034A1BF2DEBC00C51596 /* MeetMeUpUITests.m */; };
		F558035A1BF2E25F00C51596 /* Event.m in Sources */ = {isa = PBXBuildFile; fileRef = F55803591BF2E25F00C51596 /* Event.m */; };
		F558035D1BF2ECD000C51596 /* EventDetailViewController.m in Sources */ = {isa = PBXBuildFile; fileRef = F558035C1BF2ECD000C51596 /* EventDetailViewController.m */; };
/* End PBXBuildFile section */

/* Begin PBXContainerItemProxy section */
		F558033C1BF2DEBC00C51596 /* PBXContainerItemProxy */ = {
			isa = PBXContainerItemProxy;
			containerPortal = F558031A1BF2DEBB00C51596 /* Project object */;
			proxyType = 1;
			remoteGlobalIDString = F55803211BF2DEBB00C51596;
			remoteInfo = MeetMeUp;
		};
		F55803471BF2DEBC00C51596 /* PBXContainerItemProxy */ = {
			isa = PBXContainerItemProxy;
			containerPortal = F558031A1BF2DEBB00C51596 /* Project object */;
			proxyType = 1;
			remoteGlobalIDString = F55803211BF2DEBB00C51596;
			remoteInfo = MeetMeUp;
		};
/* End PBXContainerItemProxy section */

/* Begin PBXFileReference section */
		F55803221BF2DEBB00C51596 /* MeetMeUp.app */ = {isa = PBXFileReference; explicitFileType = wrapper.application; includeInIndex = 0; path = MeetMeUp.app; sourceTree = BUILT_PRODUCTS_DIR; };
		F55803261BF2DEBB00C51596 /* main.m */ = {isa = PBXFileReference; lastKnownFileType = sourcecode.c.objc; path = main.m; sourceTree = "<group>"; };
		F55803281BF2DEBB00C51596 /* AppDelegate.h */ = {isa = PBXFileReference; lastKnownFileType = sourcecode.c.h; path = AppDelegate.h; sourceTree = "<group>"; };
		F55803291BF2DEBB00C51596 /* AppDelegate.m */ = {isa = PBXFileReference; lastKnownFileType = sourcecode.c.objc; path = AppDelegate.m; sourceTree = "<group>"; };
		F558032B1BF2DEBB00C51596 /* ViewController.h */ = {isa = PBXFileReference; lastKnownFileType = sourcecode.c.h; path = ViewController.h; sourceTree = "<group>"; };
		F558032C1BF2DEBB00C51596 /* ViewController.m */ = {isa = PBXFileReference; lastKnownFileType = sourcecode.c.objc; path = ViewController.m; sourceTree = "<group>"; };
		F558032F1BF2DEBC00C51596 /* Base */ = {isa = PBXFileReference; lastKnownFileType = file.storyboard; name = Base; path = Base.lproj/Main.storyboard; sourceTree = "<group>"; };
		F55803311BF2DEBC00C51596 /* Assets.xcassets */ = {isa = PBXFileReference; lastKnownFileType = folder.assetcatalog; path = Assets.xcassets; sourceTree = "<group>"; };
		F55803341BF2DEBC00C51596 /* Base */ = {isa = PBXFileReference; lastKnownFileType = file.storyboard; name = Base; path = Base.lproj/LaunchScreen.storyboard; sourceTree = "<group>"; };
		F55803361BF2DEBC00C51596 /* Info.plist */ = {isa = PBXFileReference; lastKnownFileType = text.plist.xml; path = Info.plist; sourceTree = "<group>"; };
		F558033B1BF2DEBC00C51596 /* MeetMeUpTests.xctest */ = {isa = PBXFileReference; explicitFileType = wrapper.cfbundle; includeInIndex = 0; path = MeetMeUpTests.xctest; sourceTree = BUILT_PRODUCTS_DIR; };
		F558033F1BF2DEBC00C51596 /* MeetMeUpTests.m */ = {isa = PBXFileReference; lastKnownFileType = sourcecode.c.objc; path = MeetMeUpTests.m; sourceTree = "<group>"; };
		F55803411BF2DEBC00C51596 /* Info.plist */ = {isa = PBXFileReference; lastKnownFileType = text.plist.xml; path = Info.plist; sourceTree = "<group>"; };
		F55803461BF2DEBC00C51596 /* MeetMeUpUITests.xctest */ = {isa = PBXFileReference; explicitFileType = wrapper.cfbundle; includeInIndex = 0; path = MeetMeUpUITests.xctest; sourceTree = BUILT_PRODUCTS_DIR; };
		F558034A1BF2DEBC00C51596 /* MeetMeUpUITests.m */ = {isa = PBXFileReference; lastKnownFileType = sourcecode.c.objc; path = MeetMeUpUITests.m; sourceTree = "<group>"; };
		F558034C1BF2DEBC00C51596 /* Info.plist */ = {isa = PBXFileReference; lastKnownFileType = text.plist.xml; path = Info.plist; sourceTree = "<group>"; };
		F55803581BF2E25F00C51596 /* Event.h */ = {isa = PBXFileReference; fileEncoding = 4; lastKnownFileType = sourcecode.c.h; path = Event.h; sourceTree = "<group>"; };
		F55803591BF2E25F00C51596 /* Event.m */ = {isa = PBXFileReference; fileEncoding = 4; lastKnownFileType = sourcecode.c.objc; path = Event.m; sourceTree = "<group>"; };
		F558035B1BF2ECD000C51596 /* EventDetailViewController.h */ = {isa = PBXFileReference; fileEncoding = 4; lastKnownFileType = sourcecode.c.h; path = EventDetailViewController.h; sourceTree = "<group>"; };
		F558035C1BF2ECD000C51596 /* EventDetailViewController.m */ = {isa = PBXFileReference; fileEncoding = 4; lastKnownFileType = sourcecode.c.objc; path = EventDetailViewController.m; sourceTree = "<group>"; };
/* End PBXFileReference section */

/* Begin PBXFrameworksBuildPhase section */
		F558031F1BF2DEBB00C51596 /* Frameworks */ = {
			isa = PBXFrameworksBuildPhase;
			buildActionMask = 2147483647;
			files = (
			);
			runOnlyForDeploymentPostprocessing = 0;
		};
		F55803381BF2DEBC00C51596 /* Frameworks */ = {
			isa = PBXFrameworksBuildPhase;
			buildActionMask = 2147483647;
			files = (
			);
			runOnlyForDeploymentPostprocessing = 0;
		};
		F55803431BF2DEBC00C51596 /* Frameworks */ = {
			isa = PBXFrameworksBuildPhase;
			buildActionMask = 2147483647;
			files = (
			);
			runOnlyForDeploymentPostprocessing = 0;
		};
/* End PBXFrameworksBuildPhase section */

/* Begin PBXGroup section */
		F55803191BF2DEBB00C51596 = {
			isa = PBXGroup;
			children = (
				F55803241BF2DEBB00C51596 /* MeetMeUp */,
				F558033E1BF2DEBC00C51596 /* MeetMeUpTests */,
				F55803491BF2DEBC00C51596 /* MeetMeUpUITests */,
				F55803231BF2DEBB00C51596 /* Products */,
			);
			sourceTree = "<group>";
		};
		F55803231BF2DEBB00C51596 /* Products */ = {
			isa = PBXGroup;
			children = (
				F55803221BF2DEBB00C51596 /* MeetMeUp.app */,
				F558033B1BF2DEBC00C51596 /* MeetMeUpTests.xctest */,
				F55803461BF2DEBC00C51596 /* MeetMeUpUITests.xctest */,
			);
			name = Products;
			sourceTree = "<group>";
		};
		F55803241BF2DEBB00C51596 /* MeetMeUp */ = {
			isa = PBXGroup;
			children = (
				F55803281BF2DEBB00C51596 /* AppDelegate.h */,
				F55803291BF2DEBB00C51596 /* AppDelegate.m */,
				F558032B1BF2DEBB00C51596 /* ViewController.h */,
				F558032C1BF2DEBB00C51596 /* ViewController.m */,
				F55803581BF2E25F00C51596 /* Event.h */,
				F55803591BF2E25F00C51596 /* Event.m */,
				F558032E1BF2DEBC00C51596 /* Main.storyboard */,
				F558035B1BF2ECD000C51596 /* EventDetailViewController.h */,
				F558035C1BF2ECD000C51596 /* EventDetailViewController.m */,
				F55803311BF2DEBC00C51596 /* Assets.xcassets */,
				F55803331BF2DEBC00C51596 /* LaunchScreen.storyboard */,
				F55803361BF2DEBC00C51596 /* Info.plist */,
				F55803251BF2DEBB00C51596 /* Supporting Files */,
			);
			path = MeetMeUp;
			sourceTree = "<group>";
		};
		F55803251BF2DEBB00C51596 /* Supporting Files */ = {
			isa = PBXGroup;
			children = (
				F55803261BF2DEBB00C51596 /* main.m */,
			);
			name = "Supporting Files";
			sourceTree = "<group>";
		};
		F558033E1BF2DEBC00C51596 /* MeetMeUpTests */ = {
			isa = PBXGroup;
			children = (
				F558033F1BF2DEBC00C51596 /* MeetMeUpTests.m */,
				F55803411BF2DEBC00C51596 /* Info.plist */,
			);
			path = MeetMeUpTests;
			sourceTree = "<group>";
		};
		F55803491BF2DEBC00C51596 /* MeetMeUpUITests */ = {
			isa = PBXGroup;
			children = (
				F558034A1BF2DEBC00C51596 /* MeetMeUpUITests.m */,
				F558034C1BF2DEBC00C51596 /* Info.plist */,
			);
			path = MeetMeUpUITests;
			sourceTree = "<group>";
		};
/* End PBXGroup section */

/* Begin PBXNativeTarget section */
		F55803211BF2DEBB00C51596 /* MeetMeUp */ = {
			isa = PBXNativeTarget;
			buildConfigurationList = F558034F1BF2DEBC00C51596 /* Build configuration list for PBXNativeTarget "MeetMeUp" */;
			buildPhases = (
				F558031E1BF2DEBB00C51596 /* Sources */,
				F558031F1BF2DEBB00C51596 /* Frameworks */,
				F55803201BF2DEBB00C51596 /* Resources */,
			);
			buildRules = (
			);
			dependencies = (
			);
			name = MeetMeUp;
			productName = MeetMeUp;
			productReference = F55803221BF2DEBB00C51596 /* MeetMeUp.app */;
			productType = "com.apple.product-type.application";
		};
		F558033A1BF2DEBC00C51596 /* MeetMeUpTests */ = {
			isa = PBXNativeTarget;
			buildConfigurationList = F55803521BF2DEBC00C51596 /* Build configuration list for PBXNativeTarget "MeetMeUpTests" */;
			buildPhases = (
				F55803371BF2DEBC00C51596 /* Sources */,
				F55803381BF2DEBC00C51596 /* Frameworks */,
				F55803391BF2DEBC00C51596 /* Resources */,
			);
			buildRules = (
			);
			dependencies = (
				F558033D1BF2DEBC00C51596 /* PBXTargetDependency */,
			);
			name = MeetMeUpTests;
			productName = MeetMeUpTests;
			productReference = F558033B1BF2DEBC00C51596 /* MeetMeUpTests.xctest */;
			productType = "com.apple.product-type.bundle.unit-test";
		};
		F55803451BF2DEBC00C51596 /* MeetMeUpUITests */ = {
			isa = PBXNativeTarget;
			buildConfigurationList = F55803551BF2DEBC00C51596 /* Build configuration list for PBXNativeTarget "MeetMeUpUITests" */;
			buildPhases = (
				F55803421BF2DEBC00C51596 /* Sources */,
				F55803431BF2DEBC00C51596 /* Frameworks */,
				F55803441BF2DEBC00C51596 /* Resources */,
			);
			buildRules = (
			);
			dependencies = (
				F55803481BF2DEBC00C51596 /* PBXTargetDependency */,
			);
			name = MeetMeUpUITests;
			productName = MeetMeUpUITests;
			productReference = F55803461BF2DEBC00C51596 /* MeetMeUpUITests.xctest */;
			productType = "com.apple.product-type.bundle.ui-testing";
		};
/* End PBXNativeTarget section */

/* Begin PBXProject section */
		F558031A1BF2DEBB00C51596 /* Project object */ = {
			isa = PBXProject;
			attributes = {
				LastUpgradeCheck = 0710;
				ORGANIZATIONNAME = "Martin Henry";
				TargetAttributes = {
					F55803211BF2DEBB00C51596 = {
						CreatedOnToolsVersion = 7.1;
						DevelopmentTeam = UR4GGS4V92;
					};
					F558033A1BF2DEBC00C51596 = {
						CreatedOnToolsVersion = 7.1;
						TestTargetID = F55803211BF2DEBB00C51596;
					};
					F55803451BF2DEBC00C51596 = {
						CreatedOnToolsVersion = 7.1;
						TestTargetID = F55803211BF2DEBB00C51596;
					};
				};
			};
			buildConfigurationList = F558031D1BF2DEBB00C51596 /* Build configuration list for PBXProject "MeetMeUp" */;
			compatibilityVersion = "Xcode 3.2";
			developmentRegion = English;
			hasScannedForEncodings = 0;
			knownRegions = (
				en,
				Base,
			);
			mainGroup = F55803191BF2DEBB00C51596;
			productRefGroup = F55803231BF2DEBB00C51596 /* Products */;
			projectDirPath = "";
			projectRoot = "";
			targets = (
				F55803211BF2DEBB00C51596 /* MeetMeUp */,
				F558033A1BF2DEBC00C51596 /* MeetMeUpTests */,
				F55803451BF2DEBC00C51596 /* MeetMeUpUITests */,
			);
		};
/* End PBXProject section */

/* Begin PBXResourcesBuildPhase section */
		F55803201BF2DEBB00C51596 /* Resources */ = {
			isa = PBXResourcesBuildPhase;
			buildActionMask = 2147483647;
			files = (
				F55803351BF2DEBC00C51596 /* LaunchScreen.storyboard in Resources */,
				F55803321BF2DEBC00C51596 /* Assets.xcassets in Resources */,
				F55803301BF2DEBC00C51596 /* Main.storyboard in Resources */,
			);
			runOnlyForDeploymentPostprocessing = 0;
		};
		F55803391BF2DEBC00C51596 /* Resources */ = {
			isa = PBXResourcesBuildPhase;
			buildActionMask = 2147483647;
			files = (
			);
			runOnlyForDeploymentPostprocessing = 0;
		};
		F55803441BF2DEBC00C51596 /* Resources */ = {
			isa = PBXResourcesBuildPhase;
			buildActionMask = 2147483647;
			files = (
			);
			runOnlyForDeploymentPostprocessing = 0;
		};
/* End PBXResourcesBuildPhase section */

/* Begin PBXSourcesBuildPhase section */
		F558031E1BF2DEBB00C51596 /* Sources */ = {
			isa = PBXSourcesBuildPhase;
			buildActionMask = 2147483647;
			files = (
				F558035A1BF2E25F00C51596 /* Event.m in Sources */,
				F558035D1BF2ECD000C51596 /* EventDetailViewController.m in Sources */,
				F558032D1BF2DEBB00C51596 /* ViewController.m in Sources */,
				F558032A1BF2DEBB00C51596 /* AppDelegate.m in Sources */,
				F55803271BF2DEBB00C51596 /* main.m in Sources */,
			);
			runOnlyForDeploymentPostprocessing = 0;
		};
		F55803371BF2DEBC00C51596 /* Sources */ = {
			isa = PBXSourcesBuildPhase;
			buildActionMask = 2147483647;
			files = (
				F55803401BF2DEBC00C51596 /* MeetMeUpTests.m in Sources */,
			);
			runOnlyForDeploymentPostprocessing = 0;
		};
		F55803421BF2DEBC00C51596 /* Sources */ = {
			isa = PBXSourcesBuildPhase;
			buildActionMask = 2147483647;
			files = (
				F558034B1BF2DEBC00C51596 /* MeetMeUpUITests.m in Sources */,
			);
			runOnlyForDeploymentPostprocessing = 0;
		};
/* End PBXSourcesBuildPhase section */

/* Begin PBXTargetDependency section */
		F558033D1BF2DEBC00C51596 /* PBXTargetDependency */ = {
			isa = PBXTargetDependency;
			target = F55803211BF2DEBB00C51596 /* MeetMeUp */;
			targetProxy = F558033C1BF2DEBC00C51596 /* PBXContainerItemProxy */;
		};
		F55803481BF2DEBC00C51596 /* PBXTargetDependency */ = {
			isa = PBXTargetDependency;
			target = F55803211BF2DEBB00C51596 /* MeetMeUp */;
			targetProxy = F55803471BF2DEBC00C51596 /* PBXContainerItemProxy */;
		};
/* End PBXTargetDependency section */

/* Begin PBXVariantGroup section */
		F558032E1BF2DEBC00C51596 /* Main.storyboard */ = {
			isa = PBXVariantGroup;
			children = (
				F558032F1BF2DEBC00C51596 /* Base */,
			);
			name = Main.storyboard;
			sourceTree = "<group>";
		};
		F55803331BF2DEBC00C51596 /* LaunchScreen.storyboard */ = {
			isa = PBXVariantGroup;
			children = (
				F55803341BF2DEBC00C51596 /* Base */,
			);
			name = LaunchScreen.storyboard;
			sourceTree = "<group>";
		};
/* End PBXVariantGroup section */

/* Begin XCBuildConfiguration section */
		F558034D1BF2DEBC00C51596 /* Debug */ = {
			isa = XCBuildConfiguration;
			buildSettings = {
				ALWAYS_SEARCH_USER_PATHS = NO;
				CLANG_CXX_LANGUAGE_STANDARD = "gnu++0x";
				CLANG_CXX_LIBRARY = "libc++";
				CLANG_ENABLE_MODULES = YES;
				CLANG_ENABLE_OBJC_ARC = YES;
				CLANG_WARN_BOOL_CONVERSION = YES;
				CLANG_WARN_CONSTANT_CONVERSION = YES;
				CLANG_WARN_DIRECT_OBJC_ISA_USAGE = YES_ERROR;
				CLANG_WARN_EMPTY_BODY = YES;
				CLANG_WARN_ENUM_CONVERSION = YES;
				CLANG_WARN_INT_CONVERSION = YES;
				CLANG_WARN_OBJC_ROOT_CLASS = YES_ERROR;
				CLANG_WARN_UNREACHABLE_CODE = YES;
				CLANG_WARN__DUPLICATE_METHOD_MATCH = YES;
				"CODE_SIGN_IDENTITY[sdk=iphoneos*]" = "iPhone Developer";
				COPY_PHASE_STRIP = NO;
				DEBUG_INFORMATION_FORMAT = dwarf;
				ENABLE_STRICT_OBJC_MSGSEND = YES;
				ENABLE_TESTABILITY = YES;
				GCC_C_LANGUAGE_STANDARD = gnu99;
				GCC_DYNAMIC_NO_PIC = NO;
				GCC_NO_COMMON_BLOCKS = YES;
				GCC_OPTIMIZATION_LEVEL = 0;
				GCC_PREPROCESSOR_DEFINITIONS = (
					"DEBUG=1",
					"$(inherited)",
				);
				GCC_WARN_64_TO_32_BIT_CONVERSION = YES;
				GCC_WARN_ABOUT_RETURN_TYPE = YES_ERROR;
				GCC_WARN_UNDECLARED_SELECTOR = YES;
				GCC_WARN_UNINITIALIZED_AUTOS = YES_AGGRESSIVE;
				GCC_WARN_UNUSED_FUNCTION = YES;
				GCC_WARN_UNUSED_VARIABLE = YES;
				IPHONEOS_DEPLOYMENT_TARGET = 9.1;
				MTL_ENABLE_DEBUG_INFO = YES;
				ONLY_ACTIVE_ARCH = YES;
				SDKROOT = iphoneos;
				TARGETED_DEVICE_FAMILY = "1,2";
			};
			name = Debug;
		};
		F558034E1BF2DEBC00C51596 /* Release */ = {
			isa = XCBuildConfiguration;
			buildSettings = {
				ALWAYS_SEARCH_USER_PATHS = NO;
				CLANG_CXX_LANGUAGE_STANDARD = "gnu++0x";
				CLANG_CXX_LIBRARY = "libc++";
				CLANG_ENABLE_MODULES = YES;
				CLANG_ENABLE_OBJC_ARC = YES;
				CLANG_WARN_BOOL_CONVERSION = YES;
				CLANG_WARN_CONSTANT_CONVERSION = YES;
				CLANG_WARN_DIRECT_OBJC_ISA_USAGE = YES_ERROR;
				CLANG_WARN_EMPTY_BODY = YES;
				CLANG_WARN_ENUM_CONVERSION = YES;
				CLANG_WARN_INT_CONVERSION = YES;
				CLANG_WARN_OBJC_ROOT_CLASS = YES_ERROR;
				CLANG_WARN_UNREACHABLE_CODE = YES;
				CLANG_WARN__DUPLICATE_METHOD_MATCH = YES;
				"CODE_SIGN_IDENTITY[sdk=iphoneos*]" = "iPhone Developer";
				COPY_PHASE_STRIP = NO;
				DEBUG_INFORMATION_FORMAT = "dwarf-with-dsym";
				ENABLE_NS_ASSERTIONS = NO;
				ENABLE_STRICT_OBJC_MSGSEND = YES;
				GCC_C_LANGUAGE_STANDARD = gnu99;
				GCC_NO_COMMON_BLOCKS = YES;
				GCC_WARN_64_TO_32_BIT_CONVERSION = YES;
				GCC_WARN_ABOUT_RETURN_TYPE = YES_ERROR;
				GCC_WARN_UNDECLARED_SELECTOR = YES;
				GCC_WARN_UNINITIALIZED_AUTOS = YES_AGGRESSIVE;
				GCC_WARN_UNUSED_FUNCTION = YES;
				GCC_WARN_UNUSED_VARIABLE = YES;
				IPHONEOS_DEPLOYMENT_TARGET = 9.1;
				MTL_ENABLE_DEBUG_INFO = NO;
				SDKROOT = iphoneos;
				TARGETED_DEVICE_FAMILY = "1,2";
				VALIDATE_PRODUCT = YES;
			};
			name = Release;
		};
		F55803501BF2DEBC00C51596 /* Debug */ = {
			isa = XCBuildConfiguration;
			buildSettings = {
				ASSETCATALOG_COMPILER_APPICON_NAME = AppIcon;
				CODE_SIGN_IDENTITY = "iPhone Developer";
				"CODE_SIGN_IDENTITY[sdk=iphoneos*]" = "iPhone Developer";
				INFOPLIST_FILE = MeetMeUp/Info.plist;
				LD_RUNPATH_SEARCH_PATHS = "$(inherited) @executable_path/Frameworks";
				PRODUCT_BUNDLE_IDENTIFIER = mh.MeetMeUp;
				PRODUCT_NAME = "$(TARGET_NAME)";
				PROVISIONING_PROFILE = "";
			};
			name = Debug;
		};
		F55803511BF2DEBC00C51596 /* Release */ = {
			isa = XCBuildConfiguration;
			buildSettings = {
				ASSETCATALOG_COMPILER_APPICON_NAME = AppIcon;
				CODE_SIGN_IDENTITY = "iPhone Developer";
				"CODE_SIGN_IDENTITY[sdk=iphoneos*]" = "iPhone Developer";
				INFOPLIST_FILE = MeetMeUp/Info.plist;
				LD_RUNPATH_SEARCH_PATHS = "$(inherited) @executable_path/Frameworks";
				PRODUCT_BUNDLE_IDENTIFIER = mh.MeetMeUp;
				PRODUCT_NAME = "$(TARGET_NAME)";
				PROVISIONING_PROFILE = "";
			};
			name = Release;
		};
		F55803531BF2DEBC00C51596 /* Debug */ = {
			isa = XCBuildConfiguration;
			buildSettings = {
				BUNDLE_LOADER = "$(TEST_HOST)";
				INFOPLIST_FILE = MeetMeUpTests/Info.plist;
				LD_RUNPATH_SEARCH_PATHS = "$(inherited) @executable_path/Frameworks @loader_path/Frameworks";
				PRODUCT_BUNDLE_IDENTIFIER = mh.MeetMeUpTests;
				PRODUCT_NAME = "$(TARGET_NAME)";
				TEST_HOST = "$(BUILT_PRODUCTS_DIR)/MeetMeUp.app/MeetMeUp";
			};
			name = Debug;
		};
		F55803541BF2DEBC00C51596 /* Release */ = {
			isa = XCBuildConfiguration;
			buildSettings = {
				BUNDLE_LOADER = "$(TEST_HOST)";
				INFOPLIST_FILE = MeetMeUpTests/Info.plist;
				LD_RUNPATH_SEARCH_PATHS = "$(inherited) @executable_path/Frameworks @loader_path/Frameworks";
				PRODUCT_BUNDLE_IDENTIFIER = mh.MeetMeUpTests;
				PRODUCT_NAME = "$(TARGET_NAME)";
				TEST_HOST = "$(BUILT_PRODUCTS_DIR)/MeetMeUp.app/MeetMeUp";
			};
			name = Release;
		};
		F55803561BF2DEBC00C51596 /* Debug */ = {
			isa = XCBuildConfiguration;
			buildSettings = {
				INFOPLIST_FILE = MeetMeUpUITests/Info.plist;
				LD_RUNPATH_SEARCH_PATHS = "$(inherited) @executable_path/Frameworks @loader_path/Frameworks";
				PRODUCT_BUNDLE_IDENTIFIER = mh.MeetMeUpUITests;
				PRODUCT_NAME = "$(TARGET_NAME)";
				TEST_TARGET_NAME = MeetMeUp;
				USES_XCTRUNNER = YES;
			};
			name = Debug;
		};
		F55803571BF2DEBC00C51596 /* Release */ = {
			isa = XCBuildConfiguration;
			buildSettings = {
				INFOPLIST_FILE = MeetMeUpUITests/Info.plist;
				LD_RUNPATH_SEARCH_PATHS = "$(inherited) @executable_path/Frameworks @loader_path/Frameworks";
				PRODUCT_BUNDLE_IDENTIFIER = mh.MeetMeUpUITests;
				PRODUCT_NAME = "$(TARGET_NAME)";
				TEST_TARGET_NAME = MeetMeUp;
				USES_XCTRUNNER = YES;
			};
			name = Release;
		};
/* End XCBuildConfiguration section */

/* Begin XCConfigurationList section */
		F558031D1BF2DEBB00C51596 /* Build configuration list for PBXProject "MeetMeUp" */ = {
			isa = XCConfigurationList;
			buildConfigurations = (
				F558034D1BF2DEBC00C51596 /* Debug */,
				F558034E1BF2DEBC00C51596 /* Release */,
			);
			defaultConfigurationIsVisible = 0;
			defaultConfigurationName = Release;
		};
		F558034F1BF2DEBC00C51596 /* Build configuration list for PBXNativeTarget "MeetMeUp" */ = {
			isa = XCConfigurationList;
			buildConfigurations = (
				F55803501BF2DEBC00C51596 /* Debug */,
				F55803511BF2DEBC00C51596 /* Release */,
			);
			defaultConfigurationIsVisible = 0;
		};
		F55803521BF2DEBC00C51596 /* Build configuration list for PBXNativeTarget "MeetMeUpTests" */ = {
			isa = XCConfigurationList;
			buildConfigurations = (
				F55803531BF2DEBC00C51596 /* Debug */,
				F55803541BF2DEBC00C51596 /* Release */,
			);
			defaultConfigurationIsVisible = 0;
		};
		F55803551BF2DEBC00C51596 /* Build configuration list for PBXNativeTarget "MeetMeUpUITests" */ = {
			isa = XCConfigurationList;
			buildConfigurations = (
				F55803561BF2DEBC00C51596 /* Debug */,
				F55803571BF2DEBC00C51596 /* Release */,
			);
			defaultConfigurationIsVisible = 0;
		};
/* End XCConfigurationList section */
	};
	rootObject = F558031A1BF2DEBB00C51596 /* Project object */;
}
